// !$*UTF8*$!
{
	archiveVersion = 1;
	classes = {
	};
	objectVersion = 56;
	objects = {

/* Begin PBXBuildFile section */
		D7226F772A27196B001F84F5 /* SplitMoney_New_App.swift in Sources */ = {isa = PBXBuildFile; fileRef = D7226F762A27196B001F84F5 /* SplitMoney_New_App.swift */; };
		D7226F792A27196B001F84F5 /* ContentView.swift in Sources */ = {isa = PBXBuildFile; fileRef = D7226F782A27196B001F84F5 /* ContentView.swift */; };
		D7226F7B2A27196D001F84F5 /* Assets.xcassets in Resources */ = {isa = PBXBuildFile; fileRef = D7226F7A2A27196D001F84F5 /* Assets.xcassets */; };
		D7226F7E2A27196D001F84F5 /* Preview Assets.xcassets in Resources */ = {isa = PBXBuildFile; fileRef = D7226F7D2A27196D001F84F5 /* Preview Assets.xcassets */; };
		D7226F882A27196D001F84F5 /* SplitMoney_New_Tests.swift in Sources */ = {isa = PBXBuildFile; fileRef = D7226F872A27196D001F84F5 /* SplitMoney_New_Tests.swift */; };
		D7226F922A27196D001F84F5 /* SplitMoney_New_UITests.swift in Sources */ = {isa = PBXBuildFile; fileRef = D7226F912A27196D001F84F5 /* SplitMoney_New_UITests.swift */; };
		D7226F942A27196D001F84F5 /* SplitMoney_New_UITestsLaunchTests.swift in Sources */ = {isa = PBXBuildFile; fileRef = D7226F932A27196D001F84F5 /* SplitMoney_New_UITestsLaunchTests.swift */; };
/* End PBXBuildFile section */

/* Begin PBXContainerItemProxy section */
		D7226F842A27196D001F84F5 /* PBXContainerItemProxy */ = {
			isa = PBXContainerItemProxy;
			containerPortal = D7226F6B2A27196B001F84F5 /* Project object */;
			proxyType = 1;
			remoteGlobalIDString = D7226F722A27196B001F84F5;
			remoteInfo = "SplitMoney(New)";
		};
		D7226F8E2A27196D001F84F5 /* PBXContainerItemProxy */ = {
			isa = PBXContainerItemProxy;
			containerPortal = D7226F6B2A27196B001F84F5 /* Project object */;
			proxyType = 1;
			remoteGlobalIDString = D7226F722A27196B001F84F5;
			remoteInfo = "SplitMoney(New)";
		};
/* End PBXContainerItemProxy section */

/* Begin PBXFileReference section */
		D7226F732A27196B001F84F5 /* SplitMoney(New).app */ = {isa = PBXFileReference; explicitFileType = wrapper.application; includeInIndex = 0; path = "SplitMoney(New).app"; sourceTree = BUILT_PRODUCTS_DIR; };
		D7226F762A27196B001F84F5 /* SplitMoney_New_App.swift */ = {isa = PBXFileReference; lastKnownFileType = sourcecode.swift; path = SplitMoney_New_App.swift; sourceTree = "<group>"; };
		D7226F782A27196B001F84F5 /* ContentView.swift */ = {isa = PBXFileReference; lastKnownFileType = sourcecode.swift; path = ContentView.swift; sourceTree = "<group>"; };
		D7226F7A2A27196D001F84F5 /* Assets.xcassets */ = {isa = PBXFileReference; lastKnownFileType = folder.assetcatalog; path = Assets.xcassets; sourceTree = "<group>"; };
		D7226F7D2A27196D001F84F5 /* Preview Assets.xcassets */ = {isa = PBXFileReference; lastKnownFileType = folder.assetcatalog; path = "Preview Assets.xcassets"; sourceTree = "<group>"; };
		D7226F832A27196D001F84F5 /* SplitMoney(New)Tests.xctest */ = {isa = PBXFileReference; explicitFileType = wrapper.cfbundle; includeInIndex = 0; path = "SplitMoney(New)Tests.xctest"; sourceTree = BUILT_PRODUCTS_DIR; };
		D7226F872A27196D001F84F5 /* SplitMoney_New_Tests.swift */ = {isa = PBXFileReference; lastKnownFileType = sourcecode.swift; path = SplitMoney_New_Tests.swift; sourceTree = "<group>"; };
		D7226F8D2A27196D001F84F5 /* SplitMoney(New)UITests.xctest */ = {isa = PBXFileReference; explicitFileType = wrapper.cfbundle; includeInIndex = 0; path = "SplitMoney(New)UITests.xctest"; sourceTree = BUILT_PRODUCTS_DIR; };
		D7226F912A27196D001F84F5 /* SplitMoney_New_UITests.swift */ = {isa = PBXFileReference; lastKnownFileType = sourcecode.swift; path = SplitMoney_New_UITests.swift; sourceTree = "<group>"; };
		D7226F932A27196D001F84F5 /* SplitMoney_New_UITestsLaunchTests.swift */ = {isa = PBXFileReference; lastKnownFileType = sourcecode.swift; path = SplitMoney_New_UITestsLaunchTests.swift; sourceTree = "<group>"; };
/* End PBXFileReference section */

/* Begin PBXFrameworksBuildPhase section */
		D7226F702A27196B001F84F5 /* Frameworks */ = {
			isa = PBXFrameworksBuildPhase;
			buildActionMask = 2147483647;
			files = (
			);
			runOnlyForDeploymentPostprocessing = 0;
		};
		D7226F802A27196D001F84F5 /* Frameworks */ = {
			isa = PBXFrameworksBuildPhase;
			buildActionMask = 2147483647;
			files = (
			);
			runOnlyForDeploymentPostprocessing = 0;
		};
		D7226F8A2A27196D001F84F5 /* Frameworks */ = {
			isa = PBXFrameworksBuildPhase;
			buildActionMask = 2147483647;
			files = (
			);
			runOnlyForDeploymentPostprocessing = 0;
		};
/* End PBXFrameworksBuildPhase section */

/* Begin PBXGroup section */
		D7226F6A2A27196B001F84F5 = {
			isa = PBXGroup;
			children = (
				D7226F752A27196B001F84F5 /* SplitMoney(New) */,
				D7226F862A27196D001F84F5 /* SplitMoney(New)Tests */,
				D7226F902A27196D001F84F5 /* SplitMoney(New)UITests */,
				D7226F742A27196B001F84F5 /* Products */,
			);
			sourceTree = "<group>";
		};
		D7226F742A27196B001F84F5 /* Products */ = {
			isa = PBXGroup;
			children = (
				D7226F732A27196B001F84F5 /* SplitMoney(New).app */,
				D7226F832A27196D001F84F5 /* SplitMoney(New)Tests.xctest */,
				D7226F8D2A27196D001F84F5 /* SplitMoney(New)UITests.xctest */,
			);
			name = Products;
			sourceTree = "<group>";
		};
		D7226F752A27196B001F84F5 /* SplitMoney(New) */ = {
			isa = PBXGroup;
			children = (
				D7226F762A27196B001F84F5 /* SplitMoney_New_App.swift */,
				D7226F782A27196B001F84F5 /* ContentView.swift */,
				D7226F7A2A27196D001F84F5 /* Assets.xcassets */,
				D7226F7C2A27196D001F84F5 /* Preview Content */,
			);
			path = "SplitMoney(New)";
			sourceTree = "<group>";
		};
		D7226F7C2A27196D001F84F5 /* Preview Content */ = {
			isa = PBXGroup;
			children = (
				D7226F7D2A27196D001F84F5 /* Preview Assets.xcassets */,
			);
			path = "Preview Content";
			sourceTree = "<group>";
		};
		D7226F862A27196D001F84F5 /* SplitMoney(New)Tests */ = {
			isa = PBXGroup;
			children = (
				D7226F872A27196D001F84F5 /* SplitMoney_New_Tests.swift */,
			);
			path = "SplitMoney(New)Tests";
			sourceTree = "<group>";
		};
		D7226F902A27196D001F84F5 /* SplitMoney(New)UITests */ = {
			isa = PBXGroup;
			children = (
				D7226F912A27196D001F84F5 /* SplitMoney_New_UITests.swift */,
				D7226F932A27196D001F84F5 /* SplitMoney_New_UITestsLaunchTests.swift */,
			);
			path = "SplitMoney(New)UITests";
			sourceTree = "<group>";
		};
/* End PBXGroup section */

/* Begin PBXNativeTarget section */
		D7226F722A27196B001F84F5 /* SplitMoney(New) */ = {
			isa = PBXNativeTarget;
			buildConfigurationList = D7226F972A27196D001F84F5 /* Build configuration list for PBXNativeTarget "SplitMoney(New)" */;
			buildPhases = (
				D7226F6F2A27196B001F84F5 /* Sources */,
				D7226F702A27196B001F84F5 /* Frameworks */,
				D7226F712A27196B001F84F5 /* Resources */,
			);
			buildRules = (
			);
			dependencies = (
			);
			name = "SplitMoney(New)";
			productName = "SplitMoney(New)";
			productReference = D7226F732A27196B001F84F5 /* SplitMoney(New).app */;
			productType = "com.apple.product-type.application";
		};
		D7226F822A27196D001F84F5 /* SplitMoney(New)Tests */ = {
			isa = PBXNativeTarget;
			buildConfigurationList = D7226F9A2A27196D001F84F5 /* Build configuration list for PBXNativeTarget "SplitMoney(New)Tests" */;
			buildPhases = (
				D7226F7F2A27196D001F84F5 /* Sources */,
				D7226F802A27196D001F84F5 /* Frameworks */,
				D7226F812A27196D001F84F5 /* Resources */,
			);
			buildRules = (
			);
			dependencies = (
				D7226F852A27196D001F84F5 /* PBXTargetDependency */,
			);
			name = "SplitMoney(New)Tests";
			productName = "SplitMoney(New)Tests";
			productReference = D7226F832A27196D001F84F5 /* SplitMoney(New)Tests.xctest */;
			productType = "com.apple.product-type.bundle.unit-test";
		};
		D7226F8C2A27196D001F84F5 /* SplitMoney(New)UITests */ = {
			isa = PBXNativeTarget;
			buildConfigurationList = D7226F9D2A27196D001F84F5 /* Build configuration list for PBXNativeTarget "SplitMoney(New)UITests" */;
			buildPhases = (
				D7226F892A27196D001F84F5 /* Sources */,
				D7226F8A2A27196D001F84F5 /* Frameworks */,
				D7226F8B2A27196D001F84F5 /* Resources */,
			);
			buildRules = (
			);
			dependencies = (
				D7226F8F2A27196D001F84F5 /* PBXTargetDependency */,
			);
			name = "SplitMoney(New)UITests";
			productName = "SplitMoney(New)UITests";
			productReference = D7226F8D2A27196D001F84F5 /* SplitMoney(New)UITests.xctest */;
			productType = "com.apple.product-type.bundle.ui-testing";
		};
/* End PBXNativeTarget section */

/* Begin PBXProject section */
		D7226F6B2A27196B001F84F5 /* Project object */ = {
			isa = PBXProject;
			attributes = {
				BuildIndependentTargetsInParallel = 1;
				LastSwiftUpdateCheck = 1410;
				LastUpgradeCheck = 1410;
				TargetAttributes = {
					D7226F722A27196B001F84F5 = {
						CreatedOnToolsVersion = 14.1;
					};
					D7226F822A27196D001F84F5 = {
						CreatedOnToolsVersion = 14.1;
						TestTargetID = D7226F722A27196B001F84F5;
					};
					D7226F8C2A27196D001F84F5 = {
						CreatedOnToolsVersion = 14.1;
						TestTargetID = D7226F722A27196B001F84F5;
					};
				};
			};
			buildConfigurationList = D7226F6E2A27196B001F84F5 /* Build configuration list for PBXProject "SplitMoney(New)" */;
			compatibilityVersion = "Xcode 14.0";
			developmentRegion = en;
			hasScannedForEncodings = 0;
			knownRegions = (
				en,
				Base,
			);
			mainGroup = D7226F6A2A27196B001F84F5;
			productRefGroup = D7226F742A27196B001F84F5 /* Products */;
			projectDirPath = "";
			projectRoot = "";
			targets = (
				D7226F722A27196B001F84F5 /* SplitMoney(New) */,
				D7226F822A27196D001F84F5 /* SplitMoney(New)Tests */,
				D7226F8C2A27196D001F84F5 /* SplitMoney(New)UITests */,
			);
		};
/* End PBXProject section */

/* Begin PBXResourcesBuildPhase section */
		D7226F712A27196B001F84F5 /* Resources */ = {
			isa = PBXResourcesBuildPhase;
			buildActionMask = 2147483647;
			files = (
				D7226F7E2A27196D001F84F5 /* Preview Assets.xcassets in Resources */,
				D7226F7B2A27196D001F84F5 /* Assets.xcassets in Resources */,
			);
			runOnlyForDeploymentPostprocessing = 0;
		};
		D7226F812A27196D001F84F5 /* Resources */ = {
			isa = PBXResourcesBuildPhase;
			buildActionMask = 2147483647;
			files = (
			);
			runOnlyForDeploymentPostprocessing = 0;
		};
		D7226F8B2A27196D001F84F5 /* Resources */ = {
			isa = PBXResourcesBuildPhase;
			buildActionMask = 2147483647;
			files = (
			);
			runOnlyForDeploymentPostprocessing = 0;
		};
/* End PBXResourcesBuildPhase section */

/* Begin PBXSourcesBuildPhase section */
		D7226F6F2A27196B001F84F5 /* Sources */ = {
			isa = PBXSourcesBuildPhase;
			buildActionMask = 2147483647;
			files = (
				D7226F792A27196B001F84F5 /* ContentView.swift in Sources */,
				D7226F772A27196B001F84F5 /* SplitMoney_New_App.swift in Sources */,
			);
			runOnlyForDeploymentPostprocessing = 0;
		};
		D7226F7F2A27196D001F84F5 /* Sources */ = {
			isa = PBXSourcesBuildPhase;
			buildActionMask = 2147483647;
			files = (
				D7226F882A27196D001F84F5 /* SplitMoney_New_Tests.swift in Sources */,
			);
			runOnlyForDeploymentPostprocessing = 0;
		};
		D7226F892A27196D001F84F5 /* Sources */ = {
			isa = PBXSourcesBuildPhase;
			buildActionMask = 2147483647;
			files = (
				D7226F922A27196D001F84F5 /* SplitMoney_New_UITests.swift in Sources */,
				D7226F942A27196D001F84F5 /* SplitMoney_New_UITestsLaunchTests.swift in Sources */,
			);
			runOnlyForDeploymentPostprocessing = 0;
		};
/* End PBXSourcesBuildPhase section */

/* Begin PBXTargetDependency section */
		D7226F852A27196D001F84F5 /* PBXTargetDependency */ = {
			isa = PBXTargetDependency;
			target = D7226F722A27196B001F84F5 /* SplitMoney(New) */;
			targetProxy = D7226F842A27196D001F84F5 /* PBXContainerItemProxy */;
		};
		D7226F8F2A27196D001F84F5 /* PBXTargetDependency */ = {
			isa = PBXTargetDependency;
			target = D7226F722A27196B001F84F5 /* SplitMoney(New) */;
			targetProxy = D7226F8E2A27196D001F84F5 /* PBXContainerItemProxy */;
		};
/* End PBXTargetDependency section */

/* Begin XCBuildConfiguration section */
		D7226F952A27196D001F84F5 /* Debug */ = {
			isa = XCBuildConfiguration;
			buildSettings = {
				ALWAYS_SEARCH_USER_PATHS = NO;
				CLANG_ANALYZER_NONNULL = YES;
				CLANG_ANALYZER_NUMBER_OBJECT_CONVERSION = YES_AGGRESSIVE;
				CLANG_CXX_LANGUAGE_STANDARD = "gnu++20";
				CLANG_ENABLE_MODULES = YES;
				CLANG_ENABLE_OBJC_ARC = YES;
				CLANG_ENABLE_OBJC_WEAK = YES;
				CLANG_WARN_BLOCK_CAPTURE_AUTORELEASING = YES;
				CLANG_WARN_BOOL_CONVERSION = YES;
				CLANG_WARN_COMMA = YES;
				CLANG_WARN_CONSTANT_CONVERSION = YES;
				CLANG_WARN_DEPRECATED_OBJC_IMPLEMENTATIONS = YES;
				CLANG_WARN_DIRECT_OBJC_ISA_USAGE = YES_ERROR;
				CLANG_WARN_DOCUMENTATION_COMMENTS = YES;
				CLANG_WARN_EMPTY_BODY = YES;
				CLANG_WARN_ENUM_CONVERSION = YES;
				CLANG_WARN_INFINITE_RECURSION = YES;
				CLANG_WARN_INT_CONVERSION = YES;
				CLANG_WARN_NON_LITERAL_NULL_CONVERSION = YES;
				CLANG_WARN_OBJC_IMPLICIT_RETAIN_SELF = YES;
				CLANG_WARN_OBJC_LITERAL_CONVERSION = YES;
				CLANG_WARN_OBJC_ROOT_CLASS = YES_ERROR;
				CLANG_WARN_QUOTED_INCLUDE_IN_FRAMEWORK_HEADER = YES;
				CLANG_WARN_RANGE_LOOP_ANALYSIS = YES;
				CLANG_WARN_STRICT_PROTOTYPES = YES;
				CLANG_WARN_SUSPICIOUS_MOVE = YES;
				CLANG_WARN_UNGUARDED_AVAILABILITY = YES_AGGRESSIVE;
				CLANG_WARN_UNREACHABLE_CODE = YES;
				CLANG_WARN__DUPLICATE_METHOD_MATCH = YES;
				COPY_PHASE_STRIP = NO;
				DEBUG_INFORMATION_FORMAT = dwarf;
				ENABLE_STRICT_OBJC_MSGSEND = YES;
				ENABLE_TESTABILITY = YES;
				GCC_C_LANGUAGE_STANDARD = gnu11;
				GCC_DYNAMIC_NO_PIC = NO;
				GCC_NO_COMMON_BLOCKS = YES;
				GCC_OPTIMIZATION_LEVEL = 0;
				GCC_PREPROCESSOR_DEFINITIONS = (
					"DEBUG=1",
					"$(inherited)",
				);
				GCC_WARN_64_TO_32_BIT_CONVERSION = YES;
				GCC_WARN_ABOUT_RETURN_TYPE = YES_ERROR;
				GCC_WARN_UNDECLARED_SELECTOR = YES;
				GCC_WARN_UNINITIALIZED_AUTOS = YES_AGGRESSIVE;
				GCC_WARN_UNUSED_FUNCTION = YES;
				GCC_WARN_UNUSED_VARIABLE = YES;
				IPHONEOS_DEPLOYMENT_TARGET = 16.1;
				MTL_ENABLE_DEBUG_INFO = INCLUDE_SOURCE;
				MTL_FAST_MATH = YES;
				ONLY_ACTIVE_ARCH = YES;
				SDKROOT = iphoneos;
				SWIFT_ACTIVE_COMPILATION_CONDITIONS = DEBUG;
				SWIFT_OPTIMIZATION_LEVEL = "-Onone";
			};
			name = Debug;
		};
		D7226F962A27196D001F84F5 /* Release */ = {
			isa = XCBuildConfiguration;
			buildSettings = {
				ALWAYS_SEARCH_USER_PATHS = NO;
				CLANG_ANALYZER_NONNULL = YES;
				CLANG_ANALYZER_NUMBER_OBJECT_CONVERSION = YES_AGGRESSIVE;
				CLANG_CXX_LANGUAGE_STANDARD = "gnu++20";
				CLANG_ENABLE_MODULES = YES;
				CLANG_ENABLE_OBJC_ARC = YES;
				CLANG_ENABLE_OBJC_WEAK = YES;
				CLANG_WARN_BLOCK_CAPTURE_AUTORELEASING = YES;
				CLANG_WARN_BOOL_CONVERSION = YES;
				CLANG_WARN_COMMA = YES;
				CLANG_WARN_CONSTANT_CONVERSION = YES;
				CLANG_WARN_DEPRECATED_OBJC_IMPLEMENTATIONS = YES;
				CLANG_WARN_DIRECT_OBJC_ISA_USAGE = YES_ERROR;
				CLANG_WARN_DOCUMENTATION_COMMENTS = YES;
				CLANG_WARN_EMPTY_BODY = YES;
				CLANG_WARN_ENUM_CONVERSION = YES;
				CLANG_WARN_INFINITE_RECURSION = YES;
				CLANG_WARN_INT_CONVERSION = YES;
				CLANG_WARN_NON_LITERAL_NULL_CONVERSION = YES;
				CLANG_WARN_OBJC_IMPLICIT_RETAIN_SELF = YES;
				CLANG_WARN_OBJC_LITERAL_CONVERSION = YES;
				CLANG_WARN_OBJC_ROOT_CLASS = YES_ERROR;
				CLANG_WARN_QUOTED_INCLUDE_IN_FRAMEWORK_HEADER = YES;
				CLANG_WARN_RANGE_LOOP_ANALYSIS = YES;
				CLANG_WARN_STRICT_PROTOTYPES = YES;
				CLANG_WARN_SUSPICIOUS_MOVE = YES;
				CLANG_WARN_UNGUARDED_AVAILABILITY = YES_AGGRESSIVE;
				CLANG_WARN_UNREACHABLE_CODE = YES;
				CLANG_WARN__DUPLICATE_METHOD_MATCH = YES;
				COPY_PHASE_STRIP = NO;
				DEBUG_INFORMATION_FORMAT = "dwarf-with-dsym";
				ENABLE_NS_ASSERTIONS = NO;
				ENABLE_STRICT_OBJC_MSGSEND = YES;
				GCC_C_LANGUAGE_STANDARD = gnu11;
				GCC_NO_COMMON_BLOCKS = YES;
				GCC_WARN_64_TO_32_BIT_CONVERSION = YES;
				GCC_WARN_ABOUT_RETURN_TYPE = YES_ERROR;
				GCC_WARN_UNDECLARED_SELECTOR = YES;
				GCC_WARN_UNINITIALIZED_AUTOS = YES_AGGRESSIVE;
				GCC_WARN_UNUSED_FUNCTION = YES;
				GCC_WARN_UNUSED_VARIABLE = YES;
				IPHONEOS_DEPLOYMENT_TARGET = 16.1;
				MTL_ENABLE_DEBUG_INFO = NO;
				MTL_FAST_MATH = YES;
				SDKROOT = iphoneos;
				SWIFT_COMPILATION_MODE = wholemodule;
				SWIFT_OPTIMIZATION_LEVEL = "-O";
				VALIDATE_PRODUCT = YES;
			};
			name = Release;
		};
		D7226F982A27196D001F84F5 /* Debug */ = {
			isa = XCBuildConfiguration;
			buildSettings = {
				ASSETCATALOG_COMPILER_APPICON_NAME = AppIcon;
				ASSETCATALOG_COMPILER_GLOBAL_ACCENT_COLOR_NAME = AccentColor;
				CODE_SIGN_STYLE = Automatic;
				CURRENT_PROJECT_VERSION = 1;
				DEVELOPMENT_ASSET_PATHS = "\"SplitMoney(New)/Preview Content\"";
				ENABLE_PREVIEWS = YES;
				GENERATE_INFOPLIST_FILE = YES;
				INFOPLIST_KEY_UIApplicationSceneManifest_Generation = YES;
				INFOPLIST_KEY_UIApplicationSupportsIndirectInputEvents = YES;
				INFOPLIST_KEY_UILaunchScreen_Generation = YES;
				INFOPLIST_KEY_UISupportedInterfaceOrientations_iPad = "UIInterfaceOrientationPortrait UIInterfaceOrientationPortraitUpsideDown UIInterfaceOrientationLandscapeLeft UIInterfaceOrientationLandscapeRight";
				INFOPLIST_KEY_UISupportedInterfaceOrientations_iPhone = "UIInterfaceOrientationPortrait UIInterfaceOrientationLandscapeLeft UIInterfaceOrientationLandscapeRight";
				LD_RUNPATH_SEARCH_PATHS = (
					"$(inherited)",
					"@executable_path/Frameworks",
				);
				MARKETING_VERSION = 1.0;
				PRODUCT_BUNDLE_IDENTIFIER = "Robosoft.SplitMoney-New-";
				PRODUCT_NAME = "$(TARGET_NAME)";
				SWIFT_EMIT_LOC_STRINGS = YES;
				SWIFT_VERSION = 5.0;
				TARGETED_DEVICE_FAMILY = "1,2";
			};
			name = Debug;
		};
		D7226F992A27196D001F84F5 /* Release */ = {
			isa = XCBuildConfiguration;
			buildSettings = {
				ASSETCATALOG_COMPILER_APPICON_NAME = AppIcon;
				ASSETCATALOG_COMPILER_GLOBAL_ACCENT_COLOR_NAME = AccentColor;
				CODE_SIGN_STYLE = Automatic;
				CURRENT_PROJECT_VERSION = 1;
				DEVELOPMENT_ASSET_PATHS = "\"SplitMoney(New)/Preview Content\"";
				ENABLE_PREVIEWS = YES;
				GENERATE_INFOPLIST_FILE = YES;
				INFOPLIST_KEY_UIApplicationSceneManifest_Generation = YES;
				INFOPLIST_KEY_UIApplicationSupportsIndirectInputEvents = YES;
				INFOPLIST_KEY_UILaunchScreen_Generation = YES;
				INFOPLIST_KEY_UISupportedInterfaceOrientations_iPad = "UIInterfaceOrientationPortrait UIInterfaceOrientationPortraitUpsideDown UIInterfaceOrientationLandscapeLeft UIInterfaceOrientationLandscapeRight";
				INFOPLIST_KEY_UISupportedInterfaceOrientations_iPhone = "UIInterfaceOrientationPortrait UIInterfaceOrientationLandscapeLeft UIInterfaceOrientationLandscapeRight";
				LD_RUNPATH_SEARCH_PATHS = (
					"$(inherited)",
					"@executable_path/Frameworks",
				);
				MARKETING_VERSION = 1.0;
				PRODUCT_BUNDLE_IDENTIFIER = "Robosoft.SplitMoney-New-";
				PRODUCT_NAME = "$(TARGET_NAME)";
				SWIFT_EMIT_LOC_STRINGS = YES;
				SWIFT_VERSION = 5.0;
				TARGETED_DEVICE_FAMILY = "1,2";
			};
			name = Release;
		};
		D7226F9B2A27196D001F84F5 /* Debug */ = {
			isa = XCBuildConfiguration;
			buildSettings = {
				ALWAYS_EMBED_SWIFT_STANDARD_LIBRARIES = YES;
				BUNDLE_LOADER = "$(TEST_HOST)";
				CODE_SIGN_STYLE = Automatic;
				CURRENT_PROJECT_VERSION = 1;
				GENERATE_INFOPLIST_FILE = YES;
				IPHONEOS_DEPLOYMENT_TARGET = 16.1;
				MARKETING_VERSION = 1.0;
				PRODUCT_BUNDLE_IDENTIFIER = "Robosoft.SplitMoney-New-Tests";
				PRODUCT_NAME = "$(TARGET_NAME)";
				SWIFT_EMIT_LOC_STRINGS = NO;
				SWIFT_VERSION = 5.0;
				TARGETED_DEVICE_FAMILY = "1,2";
				TEST_HOST = "$(BUILT_PRODUCTS_DIR)/SplitMoney(New).app/$(BUNDLE_EXECUTABLE_FOLDER_PATH)/SplitMoney(New)";
			};
			name = Debug;
		};
		D7226F9C2A27196D001F84F5 /* Release */ = {
			isa = XCBuildConfiguration;
			buildSettings = {
				ALWAYS_EMBED_SWIFT_STANDARD_LIBRARIES = YES;
				BUNDLE_LOADER = "$(TEST_HOST)";
				CODE_SIGN_STYLE = Automatic;
				CURRENT_PROJECT_VERSION = 1;
				GENERATE_INFOPLIST_FILE = YES;
				IPHONEOS_DEPLOYMENT_TARGET = 16.1;
				MARKETING_VERSION = 1.0;
				PRODUCT_BUNDLE_IDENTIFIER = "Robosoft.SplitMoney-New-Tests";
				PRODUCT_NAME = "$(TARGET_NAME)";
				SWIFT_EMIT_LOC_STRINGS = NO;
				SWIFT_VERSION = 5.0;
				TARGETED_DEVICE_FAMILY = "1,2";
				TEST_HOST = "$(BUILT_PRODUCTS_DIR)/SplitMoney(New).app/$(BUNDLE_EXECUTABLE_FOLDER_PATH)/SplitMoney(New)";
			};
			name = Release;
		};
		D7226F9E2A27196D001F84F5 /* Debug */ = {
			isa = XCBuildConfiguration;
			buildSettings = {
				ALWAYS_EMBED_SWIFT_STANDARD_LIBRARIES = YES;
				CODE_SIGN_STYLE = Automatic;
				CURRENT_PROJECT_VERSION = 1;
				GENERATE_INFOPLIST_FILE = YES;
				MARKETING_VERSION = 1.0;
				PRODUCT_BUNDLE_IDENTIFIER = "Robosoft.SplitMoney-New-UITests";
				PRODUCT_NAME = "$(TARGET_NAME)";
				SWIFT_EMIT_LOC_STRINGS = NO;
				SWIFT_VERSION = 5.0;
				TARGETED_DEVICE_FAMILY = "1,2";
				TEST_TARGET_NAME = "SplitMoney(New)";
			};
			name = Debug;
		};
		D7226F9F2A27196D001F84F5 /* Release */ = {
			isa = XCBuildConfiguration;
			buildSettings = {
				ALWAYS_EMBED_SWIFT_STANDARD_LIBRARIES = YES;
				CODE_SIGN_STYLE = Automatic;
				CURRENT_PROJECT_VERSION = 1;
				GENERATE_INFOPLIST_FILE = YES;
				MARKETING_VERSION = 1.0;
				PRODUCT_BUNDLE_IDENTIFIER = "Robosoft.SplitMoney-New-UITests";
				PRODUCT_NAME = "$(TARGET_NAME)";
				SWIFT_EMIT_LOC_STRINGS = NO;
				SWIFT_VERSION = 5.0;
				TARGETED_DEVICE_FAMILY = "1,2";
				TEST_TARGET_NAME = "SplitMoney(New)";
			};
			name = Release;
		};
/* End XCBuildConfiguration section */

/* Begin XCConfigurationList section */
		D7226F6E2A27196B001F84F5 /* Build configuration list for PBXProject "SplitMoney(New)" */ = {
			isa = XCConfigurationList;
			buildConfigurations = (
				D7226F952A27196D001F84F5 /* Debug */,
				D7226F962A27196D001F84F5 /* Release */,
			);
			defaultConfigurationIsVisible = 0;
			defaultConfigurationName = Release;
		};
		D7226F972A27196D001F84F5 /* Build configuration list for PBXNativeTarget "SplitMoney(New)" */ = {
			isa = XCConfigurationList;
			buildConfigurations = (
				D7226F982A27196D001F84F5 /* Debug */,
				D7226F992A27196D001F84F5 /* Release */,
			);
			defaultConfigurationIsVisible = 0;
			defaultConfigurationName = Release;
		};
		D7226F9A2A27196D001F84F5 /* Build configuration list for PBXNativeTarget "SplitMoney(New)Tests" */ = {
			isa = XCConfigurationList;
			buildConfigurations = (
				D7226F9B2A27196D001F84F5 /* Debug */,
				D7226F9C2A27196D001F84F5 /* Release */,
			);
			defaultConfigurationIsVisible = 0;
			defaultConfigurationName = Release;
		};
		D7226F9D2A27196D001F84F5 /* Build configuration list for PBXNativeTarget "SplitMoney(New)UITests" */ = {
			isa = XCConfigurationList;
			buildConfigurations = (
				D7226F9E2A27196D001F84F5 /* Debug */,
				D7226F9F2A27196D001F84F5 /* Release */,
			);
			defaultConfigurationIsVisible = 0;
			defaultConfigurationName = Release;
		};
/* End XCConfigurationList section */
	};
	rootObject = D7226F6B2A27196B001F84F5 /* Project object */;
}
